// !$*UTF8*$!
{
	archiveVersion = 1;
	classes = {
	};
	objectVersion = 50;
	objects = {

/* Begin PBXBuildFile section */
		B999FF3F22030FE700AE1512 /* AppDelegate.swift in Sources */ = {isa = PBXBuildFile; fileRef = B999FF3E22030FE700AE1512 /* AppDelegate.swift */; };
		B999FF4122030FE700AE1512 /* ViewController.swift in Sources */ = {isa = PBXBuildFile; fileRef = B999FF4022030FE700AE1512 /* ViewController.swift */; };
		B999FF4422030FE700AE1512 /* Main.storyboard in Resources */ = {isa = PBXBuildFile; fileRef = B999FF4222030FE700AE1512 /* Main.storyboard */; };
		B999FF4622030FE700AE1512 /* Assets.xcassets in Resources */ = {isa = PBXBuildFile; fileRef = B999FF4522030FE700AE1512 /* Assets.xcassets */; };
		B999FF4922030FE700AE1512 /* LaunchScreen.storyboard in Resources */ = {isa = PBXBuildFile; fileRef = B999FF4722030FE700AE1512 /* LaunchScreen.storyboard */; };
		B999FF5422030FE700AE1512 /* FastlaneTestTests.swift in Sources */ = {isa = PBXBuildFile; fileRef = B999FF5322030FE700AE1512 /* FastlaneTestTests.swift */; };
		B999FF5F22030FE800AE1512 /* FastlaneTestUITests.swift in Sources */ = {isa = PBXBuildFile; fileRef = B999FF5E22030FE800AE1512 /* FastlaneTestUITests.swift */; };
/* End PBXBuildFile section */

/* Begin PBXContainerItemProxy section */
		B999FF5022030FE700AE1512 /* PBXContainerItemProxy */ = {
			isa = PBXContainerItemProxy;
			containerPortal = B999FF3322030FE700AE1512 /* Project object */;
			proxyType = 1;
			remoteGlobalIDString = B999FF3A22030FE700AE1512;
			remoteInfo = FastlaneTest;
		};
		B999FF5B22030FE800AE1512 /* PBXContainerItemProxy */ = {
			isa = PBXContainerItemProxy;
			containerPortal = B999FF3322030FE700AE1512 /* Project object */;
			proxyType = 1;
			remoteGlobalIDString = B999FF3A22030FE700AE1512;
			remoteInfo = FastlaneTest;
		};
/* End PBXContainerItemProxy section */

/* Begin PBXFileReference section */
		B999FF3B22030FE700AE1512 /* FastlaneTest.app */ = {isa = PBXFileReference; explicitFileType = wrapper.application; includeInIndex = 0; path = FastlaneTest.app; sourceTree = BUILT_PRODUCTS_DIR; };
		B999FF3E22030FE700AE1512 /* AppDelegate.swift */ = {isa = PBXFileReference; lastKnownFileType = sourcecode.swift; path = AppDelegate.swift; sourceTree = "<group>"; };
		B999FF4022030FE700AE1512 /* ViewController.swift */ = {isa = PBXFileReference; lastKnownFileType = sourcecode.swift; path = ViewController.swift; sourceTree = "<group>"; };
		B999FF4322030FE700AE1512 /* Base */ = {isa = PBXFileReference; lastKnownFileType = file.storyboard; name = Base; path = Base.lproj/Main.storyboard; sourceTree = "<group>"; };
		B999FF4522030FE700AE1512 /* Assets.xcassets */ = {isa = PBXFileReference; lastKnownFileType = folder.assetcatalog; path = Assets.xcassets; sourceTree = "<group>"; };
		B999FF4822030FE700AE1512 /* Base */ = {isa = PBXFileReference; lastKnownFileType = file.storyboard; name = Base; path = Base.lproj/LaunchScreen.storyboard; sourceTree = "<group>"; };
		B999FF4A22030FE700AE1512 /* Info.plist */ = {isa = PBXFileReference; lastKnownFileType = text.plist.xml; path = Info.plist; sourceTree = "<group>"; };
		B999FF4F22030FE700AE1512 /* FastlaneTestTests.xctest */ = {isa = PBXFileReference; explicitFileType = wrapper.cfbundle; includeInIndex = 0; path = FastlaneTestTests.xctest; sourceTree = BUILT_PRODUCTS_DIR; };
		B999FF5322030FE700AE1512 /* FastlaneTestTests.swift */ = {isa = PBXFileReference; lastKnownFileType = sourcecode.swift; path = FastlaneTestTests.swift; sourceTree = "<group>"; };
		B999FF5522030FE700AE1512 /* Info.plist */ = {isa = PBXFileReference; lastKnownFileType = text.plist.xml; path = Info.plist; sourceTree = "<group>"; };
		B999FF5A22030FE800AE1512 /* FastlaneTestUITests.xctest */ = {isa = PBXFileReference; explicitFileType = wrapper.cfbundle; includeInIndex = 0; path = FastlaneTestUITests.xctest; sourceTree = BUILT_PRODUCTS_DIR; };
		B999FF5E22030FE800AE1512 /* FastlaneTestUITests.swift */ = {isa = PBXFileReference; lastKnownFileType = sourcecode.swift; path = FastlaneTestUITests.swift; sourceTree = "<group>"; };
		B999FF6022030FE800AE1512 /* Info.plist */ = {isa = PBXFileReference; lastKnownFileType = text.plist.xml; path = Info.plist; sourceTree = "<group>"; };
/* End PBXFileReference section */

/* Begin PBXFrameworksBuildPhase section */
		B999FF3822030FE700AE1512 /* Frameworks */ = {
			isa = PBXFrameworksBuildPhase;
			buildActionMask = 2147483647;
			files = (
			);
			runOnlyForDeploymentPostprocessing = 0;
		};
		B999FF4C22030FE700AE1512 /* Frameworks */ = {
			isa = PBXFrameworksBuildPhase;
			buildActionMask = 2147483647;
			files = (
			);
			runOnlyForDeploymentPostprocessing = 0;
		};
		B999FF5722030FE800AE1512 /* Frameworks */ = {
			isa = PBXFrameworksBuildPhase;
			buildActionMask = 2147483647;
			files = (
			);
			runOnlyForDeploymentPostprocessing = 0;
		};
/* End PBXFrameworksBuildPhase section */

/* Begin PBXGroup section */
		B999FF3222030FE700AE1512 = {
			isa = PBXGroup;
			children = (
				B999FF3D22030FE700AE1512 /* FastlaneTest */,
				B999FF5222030FE700AE1512 /* FastlaneTestTests */,
				B999FF5D22030FE800AE1512 /* FastlaneTestUITests */,
				B999FF3C22030FE700AE1512 /* Products */,
			);
			sourceTree = "<group>";
		};
		B999FF3C22030FE700AE1512 /* Products */ = {
			isa = PBXGroup;
			children = (
				B999FF3B22030FE700AE1512 /* FastlaneTest.app */,
				B999FF4F22030FE700AE1512 /* FastlaneTestTests.xctest */,
				B999FF5A22030FE800AE1512 /* FastlaneTestUITests.xctest */,
			);
			name = Products;
			sourceTree = "<group>";
		};
		B999FF3D22030FE700AE1512 /* FastlaneTest */ = {
			isa = PBXGroup;
			children = (
				B999FF3E22030FE700AE1512 /* AppDelegate.swift */,
				B999FF4022030FE700AE1512 /* ViewController.swift */,
				B999FF4222030FE700AE1512 /* Main.storyboard */,
				B999FF4522030FE700AE1512 /* Assets.xcassets */,
				B999FF4722030FE700AE1512 /* LaunchScreen.storyboard */,
				B999FF4A22030FE700AE1512 /* Info.plist */,
			);
			path = FastlaneTest;
			sourceTree = "<group>";
		};
		B999FF5222030FE700AE1512 /* FastlaneTestTests */ = {
			isa = PBXGroup;
			children = (
				B999FF5322030FE700AE1512 /* FastlaneTestTests.swift */,
				B999FF5522030FE700AE1512 /* Info.plist */,
			);
			path = FastlaneTestTests;
			sourceTree = "<group>";
		};
		B999FF5D22030FE800AE1512 /* FastlaneTestUITests */ = {
			isa = PBXGroup;
			children = (
				B999FF5E22030FE800AE1512 /* FastlaneTestUITests.swift */,
				B999FF6022030FE800AE1512 /* Info.plist */,
			);
			path = FastlaneTestUITests;
			sourceTree = "<group>";
		};
/* End PBXGroup section */

/* Begin PBXNativeTarget section */
		B999FF3A22030FE700AE1512 /* FastlaneTest */ = {
			isa = PBXNativeTarget;
			buildConfigurationList = B999FF6322030FE800AE1512 /* Build configuration list for PBXNativeTarget "FastlaneTest" */;
			buildPhases = (
				B999FF3722030FE700AE1512 /* Sources */,
				B999FF3822030FE700AE1512 /* Frameworks */,
				B999FF3922030FE700AE1512 /* Resources */,
			);
			buildRules = (
			);
			dependencies = (
			);
			name = FastlaneTest;
			productName = FastlaneTest;
			productReference = B999FF3B22030FE700AE1512 /* FastlaneTest.app */;
			productType = "com.apple.product-type.application";
		};
		B999FF4E22030FE700AE1512 /* FastlaneTestTests */ = {
			isa = PBXNativeTarget;
			buildConfigurationList = B999FF6622030FE800AE1512 /* Build configuration list for PBXNativeTarget "FastlaneTestTests" */;
			buildPhases = (
				B999FF4B22030FE700AE1512 /* Sources */,
				B999FF4C22030FE700AE1512 /* Frameworks */,
				B999FF4D22030FE700AE1512 /* Resources */,
			);
			buildRules = (
			);
			dependencies = (
				B999FF5122030FE700AE1512 /* PBXTargetDependency */,
			);
			name = FastlaneTestTests;
			productName = FastlaneTestTests;
			productReference = B999FF4F22030FE700AE1512 /* FastlaneTestTests.xctest */;
			productType = "com.apple.product-type.bundle.unit-test";
		};
		B999FF5922030FE800AE1512 /* FastlaneTestUITests */ = {
			isa = PBXNativeTarget;
			buildConfigurationList = B999FF6922030FE800AE1512 /* Build configuration list for PBXNativeTarget "FastlaneTestUITests" */;
			buildPhases = (
				B999FF5622030FE800AE1512 /* Sources */,
				B999FF5722030FE800AE1512 /* Frameworks */,
				B999FF5822030FE800AE1512 /* Resources */,
			);
			buildRules = (
			);
			dependencies = (
				B999FF5C22030FE800AE1512 /* PBXTargetDependency */,
			);
			name = FastlaneTestUITests;
			productName = FastlaneTestUITests;
			productReference = B999FF5A22030FE800AE1512 /* FastlaneTestUITests.xctest */;
			productType = "com.apple.product-type.bundle.ui-testing";
		};
/* End PBXNativeTarget section */

/* Begin PBXProject section */
		B999FF3322030FE700AE1512 /* Project object */ = {
			isa = PBXProject;
			attributes = {
				LastSwiftUpdateCheck = 1010;
				LastUpgradeCheck = 1010;
				ORGANIZATIONNAME = "Nurakhmetov Inc.";
				TargetAttributes = {
					B999FF3A22030FE700AE1512 = {
						CreatedOnToolsVersion = 10.1;
					};
					B999FF4E22030FE700AE1512 = {
						CreatedOnToolsVersion = 10.1;
						TestTargetID = B999FF3A22030FE700AE1512;
					};
					B999FF5922030FE800AE1512 = {
						CreatedOnToolsVersion = 10.1;
						TestTargetID = B999FF3A22030FE700AE1512;
					};
				};
			};
			buildConfigurationList = B999FF3622030FE700AE1512 /* Build configuration list for PBXProject "FastlaneTest" */;
			compatibilityVersion = "Xcode 9.3";
			developmentRegion = en;
			hasScannedForEncodings = 0;
			knownRegions = (
				en,
				Base,
			);
			mainGroup = B999FF3222030FE700AE1512;
			productRefGroup = B999FF3C22030FE700AE1512 /* Products */;
			projectDirPath = "";
			projectRoot = "";
			targets = (
				B999FF3A22030FE700AE1512 /* FastlaneTest */,
				B999FF4E22030FE700AE1512 /* FastlaneTestTests */,
				B999FF5922030FE800AE1512 /* FastlaneTestUITests */,
			);
		};
/* End PBXProject section */

/* Begin PBXResourcesBuildPhase section */
		B999FF3922030FE700AE1512 /* Resources */ = {
			isa = PBXResourcesBuildPhase;
			buildActionMask = 2147483647;
			files = (
				B999FF4922030FE700AE1512 /* LaunchScreen.storyboard in Resources */,
				B999FF4622030FE700AE1512 /* Assets.xcassets in Resources */,
				B999FF4422030FE700AE1512 /* Main.storyboard in Resources */,
			);
			runOnlyForDeploymentPostprocessing = 0;
		};
		B999FF4D22030FE700AE1512 /* Resources */ = {
			isa = PBXResourcesBuildPhase;
			buildActionMask = 2147483647;
			files = (
			);
			runOnlyForDeploymentPostprocessing = 0;
		};
		B999FF5822030FE800AE1512 /* Resources */ = {
			isa = PBXResourcesBuildPhase;
			buildActionMask = 2147483647;
			files = (
			);
			runOnlyForDeploymentPostprocessing = 0;
		};
/* End PBXResourcesBuildPhase section */

/* Begin PBXSourcesBuildPhase section */
		B999FF3722030FE700AE1512 /* Sources */ = {
			isa = PBXSourcesBuildPhase;
			buildActionMask = 2147483647;
			files = (
				B999FF4122030FE700AE1512 /* ViewController.swift in Sources */,
				B999FF3F22030FE700AE1512 /* AppDelegate.swift in Sources */,
			);
			runOnlyForDeploymentPostprocessing = 0;
		};
		B999FF4B22030FE700AE1512 /* Sources */ = {
			isa = PBXSourcesBuildPhase;
			buildActionMask = 2147483647;
			files = (
				B999FF5422030FE700AE1512 /* FastlaneTestTests.swift in Sources */,
			);
			runOnlyForDeploymentPostprocessing = 0;
		};
		B999FF5622030FE800AE1512 /* Sources */ = {
			isa = PBXSourcesBuildPhase;
			buildActionMask = 2147483647;
			files = (
				B999FF5F22030FE800AE1512 /* FastlaneTestUITests.swift in Sources */,
			);
			runOnlyForDeploymentPostprocessing = 0;
		};
/* End PBXSourcesBuildPhase section */

/* Begin PBXTargetDependency section */
		B999FF5122030FE700AE1512 /* PBXTargetDependency */ = {
			isa = PBXTargetDependency;
			target = B999FF3A22030FE700AE1512 /* FastlaneTest */;
			targetProxy = B999FF5022030FE700AE1512 /* PBXContainerItemProxy */;
		};
		B999FF5C22030FE800AE1512 /* PBXTargetDependency */ = {
			isa = PBXTargetDependency;
			target = B999FF3A22030FE700AE1512 /* FastlaneTest */;
			targetProxy = B999FF5B22030FE800AE1512 /* PBXContainerItemProxy */;
		};
/* End PBXTargetDependency section */

/* Begin PBXVariantGroup section */
		B999FF4222030FE700AE1512 /* Main.storyboard */ = {
			isa = PBXVariantGroup;
			children = (
				B999FF4322030FE700AE1512 /* Base */,
			);
			name = Main.storyboard;
			sourceTree = "<group>";
		};
		B999FF4722030FE700AE1512 /* LaunchScreen.storyboard */ = {
			isa = PBXVariantGroup;
			children = (
				B999FF4822030FE700AE1512 /* Base */,
			);
			name = LaunchScreen.storyboard;
			sourceTree = "<group>";
		};
/* End PBXVariantGroup section */

/* Begin XCBuildConfiguration section */
		B999FF6122030FE800AE1512 /* Debug */ = {
			isa = XCBuildConfiguration;
			buildSettings = {
				ALWAYS_SEARCH_USER_PATHS = NO;
				CLANG_ANALYZER_NONNULL = YES;
				CLANG_ANALYZER_NUMBER_OBJECT_CONVERSION = YES_AGGRESSIVE;
				CLANG_CXX_LANGUAGE_STANDARD = "gnu++14";
				CLANG_CXX_LIBRARY = "libc++";
				CLANG_ENABLE_MODULES = YES;
				CLANG_ENABLE_OBJC_ARC = YES;
				CLANG_ENABLE_OBJC_WEAK = YES;
				CLANG_WARN_BLOCK_CAPTURE_AUTORELEASING = YES;
				CLANG_WARN_BOOL_CONVERSION = YES;
				CLANG_WARN_COMMA = YES;
				CLANG_WARN_CONSTANT_CONVERSION = YES;
				CLANG_WARN_DEPRECATED_OBJC_IMPLEMENTATIONS = YES;
				CLANG_WARN_DIRECT_OBJC_ISA_USAGE = YES_ERROR;
				CLANG_WARN_DOCUMENTATION_COMMENTS = YES;
				CLANG_WARN_EMPTY_BODY = YES;
				CLANG_WARN_ENUM_CONVERSION = YES;
				CLANG_WARN_INFINITE_RECURSION = YES;
				CLANG_WARN_INT_CONVERSION = YES;
				CLANG_WARN_NON_LITERAL_NULL_CONVERSION = YES;
				CLANG_WARN_OBJC_IMPLICIT_RETAIN_SELF = YES;
				CLANG_WARN_OBJC_LITERAL_CONVERSION = YES;
				CLANG_WARN_OBJC_ROOT_CLASS = YES_ERROR;
				CLANG_WARN_RANGE_LOOP_ANALYSIS = YES;
				CLANG_WARN_STRICT_PROTOTYPES = YES;
				CLANG_WARN_SUSPICIOUS_MOVE = YES;
				CLANG_WARN_UNGUARDED_AVAILABILITY = YES_AGGRESSIVE;
				CLANG_WARN_UNREACHABLE_CODE = YES;
				CLANG_WARN__DUPLICATE_METHOD_MATCH = YES;
				CODE_SIGN_IDENTITY = "iPhone Developer";
				COPY_PHASE_STRIP = NO;
				DEBUG_INFORMATION_FORMAT = dwarf;
				ENABLE_STRICT_OBJC_MSGSEND = YES;
				ENABLE_TESTABILITY = YES;
				GCC_C_LANGUAGE_STANDARD = gnu11;
				GCC_DYNAMIC_NO_PIC = NO;
				GCC_NO_COMMON_BLOCKS = YES;
				GCC_OPTIMIZATION_LEVEL = 0;
				GCC_PREPROCESSOR_DEFINITIONS = (
					"DEBUG=1",
					"$(inherited)",
				);
				GCC_WARN_64_TO_32_BIT_CONVERSION = YES;
				GCC_WARN_ABOUT_RETURN_TYPE = YES_ERROR;
				GCC_WARN_UNDECLARED_SELECTOR = YES;
				GCC_WARN_UNINITIALIZED_AUTOS = YES_AGGRESSIVE;
				GCC_WARN_UNUSED_FUNCTION = YES;
				GCC_WARN_UNUSED_VARIABLE = YES;
				IPHONEOS_DEPLOYMENT_TARGET = 12.1;
				MTL_ENABLE_DEBUG_INFO = INCLUDE_SOURCE;
				MTL_FAST_MATH = YES;
				ONLY_ACTIVE_ARCH = YES;
				SDKROOT = iphoneos;
				SWIFT_ACTIVE_COMPILATION_CONDITIONS = DEBUG;
				SWIFT_OPTIMIZATION_LEVEL = "-Onone";
			};
			name = Debug;
		};
		B999FF6222030FE800AE1512 /* Release */ = {
			isa = XCBuildConfiguration;
			buildSettings = {
				ALWAYS_SEARCH_USER_PATHS = NO;
				CLANG_ANALYZER_NONNULL = YES;
				CLANG_ANALYZER_NUMBER_OBJECT_CONVERSION = YES_AGGRESSIVE;
				CLANG_CXX_LANGUAGE_STANDARD = "gnu++14";
				CLANG_CXX_LIBRARY = "libc++";
				CLANG_ENABLE_MODULES = YES;
				CLANG_ENABLE_OBJC_ARC = YES;
				CLANG_ENABLE_OBJC_WEAK = YES;
				CLANG_WARN_BLOCK_CAPTURE_AUTORELEASING = YES;
				CLANG_WARN_BOOL_CONVERSION = YES;
				CLANG_WARN_COMMA = YES;
				CLANG_WARN_CONSTANT_CONVERSION = YES;
				CLANG_WARN_DEPRECATED_OBJC_IMPLEMENTATIONS = YES;
				CLANG_WARN_DIRECT_OBJC_ISA_USAGE = YES_ERROR;
				CLANG_WARN_DOCUMENTATION_COMMENTS = YES;
				CLANG_WARN_EMPTY_BODY = YES;
				CLANG_WARN_ENUM_CONVERSION = YES;
				CLANG_WARN_INFINITE_RECURSION = YES;
				CLANG_WARN_INT_CONVERSION = YES;
				CLANG_WARN_NON_LITERAL_NULL_CONVERSION = YES;
				CLANG_WARN_OBJC_IMPLICIT_RETAIN_SELF = YES;
				CLANG_WARN_OBJC_LITERAL_CONVERSION = YES;
				CLANG_WARN_OBJC_ROOT_CLASS = YES_ERROR;
				CLANG_WARN_RANGE_LOOP_ANALYSIS = YES;
				CLANG_WARN_STRICT_PROTOTYPES = YES;
				CLANG_WARN_SUSPICIOUS_MOVE = YES;
				CLANG_WARN_UNGUARDED_AVAILABILITY = YES_AGGRESSIVE;
				CLANG_WARN_UNREACHABLE_CODE = YES;
				CLANG_WARN__DUPLICATE_METHOD_MATCH = YES;
				CODE_SIGN_IDENTITY = "iPhone Developer";
				COPY_PHASE_STRIP = NO;
				DEBUG_INFORMATION_FORMAT = "dwarf-with-dsym";
				ENABLE_NS_ASSERTIONS = NO;
				ENABLE_STRICT_OBJC_MSGSEND = YES;
				GCC_C_LANGUAGE_STANDARD = gnu11;
				GCC_NO_COMMON_BLOCKS = YES;
				GCC_WARN_64_TO_32_BIT_CONVERSION = YES;
				GCC_WARN_ABOUT_RETURN_TYPE = YES_ERROR;
				GCC_WARN_UNDECLARED_SELECTOR = YES;
				GCC_WARN_UNINITIALIZED_AUTOS = YES_AGGRESSIVE;
				GCC_WARN_UNUSED_FUNCTION = YES;
				GCC_WARN_UNUSED_VARIABLE = YES;
				IPHONEOS_DEPLOYMENT_TARGET = 12.1;
				MTL_ENABLE_DEBUG_INFO = NO;
				MTL_FAST_MATH = YES;
				SDKROOT = iphoneos;
				SWIFT_COMPILATION_MODE = wholemodule;
				SWIFT_OPTIMIZATION_LEVEL = "-O";
				VALIDATE_PRODUCT = YES;
			};
			name = Release;
		};
		B999FF6422030FE800AE1512 /* Debug */ = {
			isa = XCBuildConfiguration;
			buildSettings = {
				ASSETCATALOG_COMPILER_APPICON_NAME = AppIcon;
				CODE_SIGN_STYLE = Automatic;
				INFOPLIST_FILE = FastlaneTest/Info.plist;
				LD_RUNPATH_SEARCH_PATHS = (
					"$(inherited)",
					"@executable_path/Frameworks",
				);
				PRODUCT_BUNDLE_IDENTIFIER = ZN.FastlaneTest;
				PRODUCT_NAME = "$(TARGET_NAME)";
				SWIFT_VERSION = 4.2;
				TARGETED_DEVICE_FAMILY = "1,2";
			};
			name = Debug;
		};
		B999FF6522030FE800AE1512 /* Release */ = {
			isa = XCBuildConfiguration;
			buildSettings = {
				ASSETCATALOG_COMPILER_APPICON_NAME = AppIcon;
				CODE_SIGN_STYLE = Automatic;
				INFOPLIST_FILE = FastlaneTest/Info.plist;
				LD_RUNPATH_SEARCH_PATHS = (
					"$(inherited)",
					"@executable_path/Frameworks",
				);
				PRODUCT_BUNDLE_IDENTIFIER = ZN.FastlaneTest;
				PRODUCT_NAME = "$(TARGET_NAME)";
				SWIFT_VERSION = 4.2;
				TARGETED_DEVICE_FAMILY = "1,2";
			};
			name = Release;
		};
		B999FF6722030FE800AE1512 /* Debug */ = {
			isa = XCBuildConfiguration;
			buildSettings = {
				ALWAYS_EMBED_SWIFT_STANDARD_LIBRARIES = YES;
				BUNDLE_LOADER = "$(TEST_HOST)";
				CODE_SIGN_STYLE = Automatic;
				INFOPLIST_FILE = FastlaneTestTests/Info.plist;
				LD_RUNPATH_SEARCH_PATHS = (
					"$(inherited)",
					"@executable_path/Frameworks",
					"@loader_path/Frameworks",
				);
				PRODUCT_BUNDLE_IDENTIFIER = ZN.FastlaneTestTests;
				PRODUCT_NAME = "$(TARGET_NAME)";
				SWIFT_VERSION = 4.2;
				TARGETED_DEVICE_FAMILY = "1,2";
				TEST_HOST = "$(BUILT_PRODUCTS_DIR)/FastlaneTest.app/FastlaneTest";
			};
			name = Debug;
		};
		B999FF6822030FE800AE1512 /* Release */ = {
			isa = XCBuildConfiguration;
			buildSettings = {
				ALWAYS_EMBED_SWIFT_STANDARD_LIBRARIES = YES;
				BUNDLE_LOADER = "$(TEST_HOST)";
				CODE_SIGN_STYLE = Automatic;
				INFOPLIST_FILE = FastlaneTestTests/Info.plist;
				LD_RUNPATH_SEARCH_PATHS = (
					"$(inherited)",
					"@executable_path/Frameworks",
					"@loader_path/Frameworks",
				);
				PRODUCT_BUNDLE_IDENTIFIER = ZN.FastlaneTestTests;
				PRODUCT_NAME = "$(TARGET_NAME)";
				SWIFT_VERSION = 4.2;
				TARGETED_DEVICE_FAMILY = "1,2";
				TEST_HOST = "$(BUILT_PRODUCTS_DIR)/FastlaneTest.app/FastlaneTest";
			};
			name = Release;
		};
		B999FF6A22030FE800AE1512 /* Debug */ = {
			isa = XCBuildConfiguration;
			buildSettings = {
				ALWAYS_EMBED_SWIFT_STANDARD_LIBRARIES = YES;
				CODE_SIGN_STYLE = Automatic;
				INFOPLIST_FILE = FastlaneTestUITests/Info.plist;
				LD_RUNPATH_SEARCH_PATHS = (
					"$(inherited)",
					"@executable_path/Frameworks",
					"@loader_path/Frameworks",
				);
				PRODUCT_BUNDLE_IDENTIFIER = ZN.FastlaneTestUITests;
				PRODUCT_NAME = "$(TARGET_NAME)";
				SWIFT_VERSION = 4.2;
				TARGETED_DEVICE_FAMILY = "1,2";
				TEST_TARGET_NAME = FastlaneTest;
			};
			name = Debug;
		};
		B999FF6B22030FE800AE1512 /* Release */ = {
			isa = XCBuildConfiguration;
			buildSettings = {
				ALWAYS_EMBED_SWIFT_STANDARD_LIBRARIES = YES;
				CODE_SIGN_STYLE = Automatic;
				INFOPLIST_FILE = FastlaneTestUITests/Info.plist;
				LD_RUNPATH_SEARCH_PATHS = (
					"$(inherited)",
					"@executable_path/Frameworks",
					"@loader_path/Frameworks",
				);
				PRODUCT_BUNDLE_IDENTIFIER = ZN.FastlaneTestUITests;
				PRODUCT_NAME = "$(TARGET_NAME)";
				SWIFT_VERSION = 4.2;
				TARGETED_DEVICE_FAMILY = "1,2";
				TEST_TARGET_NAME = FastlaneTest;
			};
			name = Release;
		};
/* End XCBuildConfiguration section */

/* Begin XCConfigurationList section */
		B999FF3622030FE700AE1512 /* Build configuration list for PBXProject "FastlaneTest" */ = {
			isa = XCConfigurationList;
			buildConfigurations = (
				B999FF6122030FE800AE1512 /* Debug */,
				B999FF6222030FE800AE1512 /* Release */,
			);
			defaultConfigurationIsVisible = 0;
			defaultConfigurationName = Release;
		};
		B999FF6322030FE800AE1512 /* Build configuration list for PBXNativeTarget "FastlaneTest" */ = {
			isa = XCConfigurationList;
			buildConfigurations = (
				B999FF6422030FE800AE1512 /* Debug */,
				B999FF6522030FE800AE1512 /* Release */,
			);
			defaultConfigurationIsVisible = 0;
			defaultConfigurationName = Release;
		};
		B999FF6622030FE800AE1512 /* Build configuration list for PBXNativeTarget "FastlaneTestTests" */ = {
			isa = XCConfigurationList;
			buildConfigurations = (
				B999FF6722030FE800AE1512 /* Debug */,
				B999FF6822030FE800AE1512 /* Release */,
			);
			defaultConfigurationIsVisible = 0;
			defaultConfigurationName = Release;
		};
		B999FF6922030FE800AE1512 /* Build configuration list for PBXNativeTarget "FastlaneTestUITests" */ = {
			isa = XCConfigurationList;
			buildConfigurations = (
				B999FF6A22030FE800AE1512 /* Debug */,
				B999FF6B22030FE800AE1512 /* Release */,
			);
			defaultConfigurationIsVisible = 0;
			defaultConfigurationName = Release;
		};
/* End XCConfigurationList section */
	};
	rootObject = B999FF3322030FE700AE1512 /* Project object */;
}
